
Microsoft Visual Studio Solution File, Format Version 12.00
# Visual Studio Version 16
VisualStudioVersion = 16.0.30413.136
MinimumVisualStudioVersion = 10.0.40219.1
Project("{8BC9CEB8-8B4A-11D0-8D11-00A0C91BC942}") = "dayPlanner", "dayPlanner\dayPlanner.vcxproj", "{95344547-4B4E-4102-91CE-85F312933D98}"
EndProject
Global
	GlobalSection(SolutionConfigurationPlatforms) = preSolution
		Debug|x64 = Debug|x64
		Debug|x86 = Debug|x86
		Release|x64 = Release|x64
		Release|x86 = Release|x86
	EndGlobalSection
	GlobalSection(ProjectConfigurationPlatforms) = postSolution
		{95344547-4B4E-4102-91CE-85F312933D98}.Debug|x64.ActiveCfg = Debug|x64
		{95344547-4B4E-4102-91CE-85F312933D98}.Debug|x64.Build.0 = Debug|x64
		{95344547-4B4E-4102-91CE-85F312933D98}.Debug|x86.ActiveCfg = Debug|Win32
		{95344547-4B4E-4102-91CE-85F312933D98}.Debug|x86.Build.0 = Debug|Win32
		{95344547-4B4E-4102-91CE-85F312933D98}.Release|x64.ActiveCfg = Release|x64
		{95344547-4B4E-4102-91CE-85F312933D98}.Release|x64.Build.0 = Release|x64
		{95344547-4B4E-4102-91CE-85F312933D98}.Release|x86.ActiveCfg = Release|Win32
		{95344547-4B4E-4102-91CE-85F312933D98}.Release|x86.Build.0 = Release|Win32
	EndGlobalSection
	GlobalSection(SolutionProperties) = preSolution
		HideSolutionNode = FALSE
	EndGlobalSection
	GlobalSection(ExtensibilityGlobals) = postSolution
		SolutionGuid = {506A3658-45F6-4927-A688-66EC356F56FF}
	EndGlobalSection
EndGlobal
